# This file is automatically @generated by tinymist.
# It is not intended for manual editing.
version = "0.1.0-beta0"

[[document]]
font-paths = ["file:fonts", "file:../../../../../nix/store/98p24d64whsgxdbdds4qlgcxfwv4dg43-corefonts-1/share/fonts", "file:../../../../../nix/store/m097rm9l7qw82v86f1b8xsa53qzi68g3-noto-fonts-2026.03.01/share/fonts", "file:../../../../../nix/store/aqxqz1awi3zs79sc2qjc2lxdvrcf06fg-montserrat-9.000/share/fonts", "file:../../../../../nix/store/007398r63lggywsyycgalr9iav2n75f0-ibm-plex-1.1.0/share/fonts", "file:../../../../../nix/store/0zpm0r9yr68q0g76c59jkjkm9ba02kmd-jetbrains-mono-2.304/share/fonts"]
id = "file:tugas/tugas6/laporan.typ"
inputs = []
main = "file:tugas/tugas6/laporan.typ"
root = "file:."
system-fonts = true

[[route]]
id = "file:tugas/tugas6/laporan.typ"
priority = 256
